
Microsoft Visual Studio Solution File, Format Version 12.00
Project("{FAE04EC0-301F-11D3-BF4B-00C04F79EFBC}") = "SE320GitInClassPractice", "SE320GitInClassPractice\SE320GitInClassPractice.csproj", "{93DAD844-96BB-41A6-833D-B9EF6CE875BE}"
EndProject
Global
	GlobalSection(SolutionConfigurationPlatforms) = preSolution
		Debug|Any CPU = Debug|Any CPU
		Release|Any CPU = Release|Any CPU
	EndGlobalSection
	GlobalSection(ProjectConfigurationPlatforms) = postSolution
		{93DAD844-96BB-41A6-833D-B9EF6CE875BE}.Debug|Any CPU.ActiveCfg = Debug|Any CPU
		{93DAD844-96BB-41A6-833D-B9EF6CE875BE}.Debug|Any CPU.Build.0 = Debug|Any CPU
		{93DAD844-96BB-41A6-833D-B9EF6CE875BE}.Release|Any CPU.ActiveCfg = Release|Any CPU
		{93DAD844-96BB-41A6-833D-B9EF6CE875BE}.Release|Any CPU.Build.0 = Release|Any CPU
	EndGlobalSection
EndGlobal
